
Microsoft Visual Studio Solution File, Format Version 12.00
# Visual Studio Version 17
VisualStudioVersion = 17.11.35327.3
MinimumVisualStudioVersion = 10.0.40219.1
Project("{FAE04EC0-301F-11D3-BF4B-00C04F79EFBC}") = "Collage_Management", "Collage_Management\Collage_Management.csproj", "{4D1FBCDC-E4F9-4C90-B233-09CE02540E8D}"
EndProject
Global
	GlobalSection(SolutionConfigurationPlatforms) = preSolution
		Debug|Any CPU = Debug|Any CPU
		Release|Any CPU = Release|Any CPU
	EndGlobalSection
	GlobalSection(ProjectConfigurationPlatforms) = postSolution
		{4D1FBCDC-E4F9-4C90-B233-09CE02540E8D}.Debug|Any CPU.ActiveCfg = Debug|Any CPU
		{4D1FBCDC-E4F9-4C90-B233-09CE02540E8D}.Debug|Any CPU.Build.0 = Debug|Any CPU
		{4D1FBCDC-E4F9-4C90-B233-09CE02540E8D}.Release|Any CPU.ActiveCfg = Release|Any CPU
		{4D1FBCDC-E4F9-4C90-B233-09CE02540E8D}.Release|Any CPU.Build.0 = Release|Any CPU
	EndGlobalSection
	GlobalSection(SolutionProperties) = preSolution
		HideSolutionNode = FALSE
	EndGlobalSection
	GlobalSection(ExtensibilityGlobals) = postSolution
		SolutionGuid = {C05AFA06-CFF4-472B-A6F0-510C93D9F84A}
	EndGlobalSection
EndGlobal
